
Microsoft Visual Studio Solution File, Format Version 12.00
# Visual Studio Version 16
VisualStudioVersion = 16.0.809.3
MinimumVisualStudioVersion = 10.0.40219.1
Project("{FAE04EC0-301F-11D3-BF4B-00C04F79EFBC}") = "Server", "ServerStudy\Server.csproj", "{144F78D3-DCC5-490C-9687-1499A59FF8F5}"
EndProject
Project("{FAE04EC0-301F-11D3-BF4B-00C04F79EFBC}") = "DummyClient", "DummyClient\DummyClient.csproj", "{A65F9143-8C4E-493B-BFE2-5800F2456FC7}"
EndProject
Project("{FAE04EC0-301F-11D3-BF4B-00C04F79EFBC}") = "ServerCore", "ServerCore\ServerCore.csproj", "{3E67C831-B65C-48EC-B79E-469E1FCACA8C}"
EndProject
Global
	GlobalSection(SolutionConfigurationPlatforms) = preSolution
		Debug|Any CPU = Debug|Any CPU
		Release|Any CPU = Release|Any CPU
	EndGlobalSection
	GlobalSection(ProjectConfigurationPlatforms) = postSolution
		{144F78D3-DCC5-490C-9687-1499A59FF8F5}.Debug|Any CPU.ActiveCfg = Debug|Any CPU
		{144F78D3-DCC5-490C-9687-1499A59FF8F5}.Debug|Any CPU.Build.0 = Debug|Any CPU
		{144F78D3-DCC5-490C-9687-1499A59FF8F5}.Release|Any CPU.ActiveCfg = Release|Any CPU
		{144F78D3-DCC5-490C-9687-1499A59FF8F5}.Release|Any CPU.Build.0 = Release|Any CPU
		{A65F9143-8C4E-493B-BFE2-5800F2456FC7}.Debug|Any CPU.ActiveCfg = Debug|Any CPU
		{A65F9143-8C4E-493B-BFE2-5800F2456FC7}.Debug|Any CPU.Build.0 = Debug|Any CPU
		{A65F9143-8C4E-493B-BFE2-5800F2456FC7}.Release|Any CPU.ActiveCfg = Release|Any CPU
		{A65F9143-8C4E-493B-BFE2-5800F2456FC7}.Release|Any CPU.Build.0 = Release|Any CPU
		{3E67C831-B65C-48EC-B79E-469E1FCACA8C}.Debug|Any CPU.ActiveCfg = Debug|Any CPU
		{3E67C831-B65C-48EC-B79E-469E1FCACA8C}.Debug|Any CPU.Build.0 = Debug|Any CPU
		{3E67C831-B65C-48EC-B79E-469E1FCACA8C}.Release|Any CPU.ActiveCfg = Release|Any CPU
		{3E67C831-B65C-48EC-B79E-469E1FCACA8C}.Release|Any CPU.Build.0 = Release|Any CPU
	EndGlobalSection
	GlobalSection(SolutionProperties) = preSolution
		HideSolutionNode = FALSE
	EndGlobalSection
	GlobalSection(ExtensibilityGlobals) = postSolution
		SolutionGuid = {71B61DFB-2161-4A92-84BC-1579A002AA7A}
	EndGlobalSection
	GlobalSection(MonoDevelopProperties) = preSolution
		Policies = $0
		$0.DotNetNamingPolicy = $1
		$1.DirectoryNamespaceAssociation = PrefixedHierarchical
		$0.StandardHeader = $2
		$0.VersionControlPolicy = $3
	EndGlobalSection
EndGlobal
